
Microsoft Visual Studio Solution File, Format Version 12.00
# Visual Studio Version 16
VisualStudioVersion = 16.0.31205.134
MinimumVisualStudioVersion = 10.0.40219.1
Project("{FAE04EC0-301F-11D3-BF4B-00C04F79EFBC}") = "Calculator", "Calculator\Calculator.csproj", "{BA805FFF-EE95-4261-AB2C-BB545B011A5C}"
EndProject
Global
	GlobalSection(SolutionConfigurationPlatforms) = preSolution
		Debug|Any CPU = Debug|Any CPU
		Release|Any CPU = Release|Any CPU
	EndGlobalSection
	GlobalSection(ProjectConfigurationPlatforms) = postSolution
		{BA805FFF-EE95-4261-AB2C-BB545B011A5C}.Debug|Any CPU.ActiveCfg = Debug|Any CPU
		{BA805FFF-EE95-4261-AB2C-BB545B011A5C}.Debug|Any CPU.Build.0 = Debug|Any CPU
		{BA805FFF-EE95-4261-AB2C-BB545B011A5C}.Release|Any CPU.ActiveCfg = Release|Any CPU
		{BA805FFF-EE95-4261-AB2C-BB545B011A5C}.Release|Any CPU.Build.0 = Release|Any CPU
	EndGlobalSection
	GlobalSection(SolutionProperties) = preSolution
		HideSolutionNode = FALSE
	EndGlobalSection
	GlobalSection(ExtensibilityGlobals) = postSolution
		SolutionGuid = {0C5213BE-BE63-4120-8883-002A3EC46B7A}
	EndGlobalSection
EndGlobal
